
Microsoft Visual Studio Solution File, Format Version 12.00
# Visual Studio 15
VisualStudioVersion = 15.0.27428.2043
MinimumVisualStudioVersion = 10.0.40219.1
Project("{FAE04EC0-301F-11D3-BF4B-00C04F79EFBC}") = "ElyonComunicator", "ElyonComunicator\ElyonComunicator.csproj", "{2B694FC8-AC17-443B-85CF-C6E2E21C4F4D}"
EndProject
Global
	GlobalSection(SolutionConfigurationPlatforms) = preSolution
		Debug|Any CPU = Debug|Any CPU
		Release|Any CPU = Release|Any CPU
	EndGlobalSection
	GlobalSection(ProjectConfigurationPlatforms) = postSolution
		{2B694FC8-AC17-443B-85CF-C6E2E21C4F4D}.Debug|Any CPU.ActiveCfg = Debug|Any CPU
		{2B694FC8-AC17-443B-85CF-C6E2E21C4F4D}.Debug|Any CPU.Build.0 = Debug|Any CPU
		{2B694FC8-AC17-443B-85CF-C6E2E21C4F4D}.Release|Any CPU.ActiveCfg = Release|Any CPU
		{2B694FC8-AC17-443B-85CF-C6E2E21C4F4D}.Release|Any CPU.Build.0 = Release|Any CPU
	EndGlobalSection
	GlobalSection(SolutionProperties) = preSolution
		HideSolutionNode = FALSE
	EndGlobalSection
	GlobalSection(ExtensibilityGlobals) = postSolution
		SolutionGuid = {32D8A315-60C7-40AC-98ED-B199D9983C74}
	EndGlobalSection
EndGlobal
